
Microsoft Visual Studio Solution File, Format Version 12.00
# Visual Studio Version 16
VisualStudioVersion = 16.0.31424.327
MinimumVisualStudioVersion = 10.0.40219.1
Project("{8BC9CEB8-8B4A-11D0-8D11-00A0C91BC942}") = "TP2", "TP2.vcxproj", "{103BD31D-8344-4539-A046-148CC9B132CE}"
EndProject
Global
	GlobalSection(SolutionConfigurationPlatforms) = preSolution
		Debug|x64 = Debug|x64
		Debug|x86 = Debug|x86
		Release|x64 = Release|x64
		Release|x86 = Release|x86
	EndGlobalSection
	GlobalSection(ProjectConfigurationPlatforms) = postSolution
		{103BD31D-8344-4539-A046-148CC9B132CE}.Debug|x64.ActiveCfg = Debug|x64
		{103BD31D-8344-4539-A046-148CC9B132CE}.Debug|x64.Build.0 = Debug|x64
		{103BD31D-8344-4539-A046-148CC9B132CE}.Debug|x86.ActiveCfg = Debug|Win32
		{103BD31D-8344-4539-A046-148CC9B132CE}.Debug|x86.Build.0 = Debug|Win32
		{103BD31D-8344-4539-A046-148CC9B132CE}.Release|x64.ActiveCfg = Release|x64
		{103BD31D-8344-4539-A046-148CC9B132CE}.Release|x64.Build.0 = Release|x64
		{103BD31D-8344-4539-A046-148CC9B132CE}.Release|x86.ActiveCfg = Release|Win32
		{103BD31D-8344-4539-A046-148CC9B132CE}.Release|x86.Build.0 = Release|Win32
	EndGlobalSection
	GlobalSection(SolutionProperties) = preSolution
		HideSolutionNode = FALSE
	EndGlobalSection
	GlobalSection(ExtensibilityGlobals) = postSolution
		SolutionGuid = {345778F0-2097-45D6-8E1E-4D83015DB716}
	EndGlobalSection
EndGlobal
